{
  "version": 4,
  "terraform_version": "1.12.0",
  "serial": 1,
  "lineage": "1b133346-aae0-1cc2-4e0a-d5916b66cf53",
  "outputs": {},
  "resources": [
    {
      "mode": "managed",
      "type": "local_file",
      "name": "hello",
      "provider": "provider[\"registry.terraform.io/hashicorp/local\"]",
      "instances": [
        {
          "schema_version": 0,
          "attributes": {
            "content": "Hello, Kuba, this is Terraform!",
            "content_base64": null,
            "content_base64sha256": "rrQwXGdXcWjVSGT9JmW1RNcJAPzj57sGXmUQ6YQxvTk=",
            "content_base64sha512": "WHOzTHX8NH9t/38igMsbj8bxUUAvFBY2QFJMNaqyYFJdjQhuwhKep2n3GPNwz+Wc+G8SXRfnQLm/BmgnVqCeqA==",
            "content_md5": "b700b16347e0f7965e35bfbd877eb652",
            "content_sha1": "19d7bdadb9806137b075a517da82b72ed74ce21f",
            "content_sha256": "aeb4305c67577168d54864fd2665b544d70900fce3e7bb065e6510e98431bd39",
            "content_sha512": "5873b34c75fc347f6dff7f2280cb1b8fc6f151402f14163640524c35aab260525d8d086ec2129ea769f718f370cfe59cf86f125d17e740b9bf06682756a09ea8",
            "directory_permission": "0777",
            "file_permission": "0777",
            "filename": "./hello.txt",
            "id": "19d7bdadb9806137b075a517da82b72ed74ce21f",
            "sensitive_content": null,
            "source": null
          },
          "sensitive_attributes": [
            [
              {
                "type": "get_attr",
                "value": "sensitive_content"
              }
            ]
          ],
          "identity_schema_version": 0
        }
      ]
    }
  ],
  "check_results": null
}
